
Microsoft Visual Studio Solution File, Format Version 12.00
# Visual Studio 15
VisualStudioVersion = 15.0.27428.2043
MinimumVisualStudioVersion = 10.0.40219.1
Project("{FAE04EC0-301F-11D3-BF4B-00C04F79EFBC}") = "VSIXProject1", "VSIXProject1\VSIXProject1.csproj", "{BE786A05-C989-4B4F-8AD7-3776D6574836}"
EndProject
Project("{9A19103F-16F7-4668-BE54-9A1E7A4F7556}") = "Analyzer", "Analyzer\Analyzer\Analyzer.csproj", "{D4288BA2-7DBE-4E2D-BC04-72CDFF038347}"
EndProject
Global
	GlobalSection(SolutionConfigurationPlatforms) = preSolution
		Debug|Any CPU = Debug|Any CPU
		Debug|ARM = Debug|ARM
		Debug|x64 = Debug|x64
		Debug|x86 = Debug|x86
		Release|Any CPU = Release|Any CPU
		Release|ARM = Release|ARM
		Release|x64 = Release|x64
		Release|x86 = Release|x86
	EndGlobalSection
	GlobalSection(ProjectConfigurationPlatforms) = postSolution
		{BE786A05-C989-4B4F-8AD7-3776D6574836}.Debug|Any CPU.ActiveCfg = Debug|Any CPU
		{BE786A05-C989-4B4F-8AD7-3776D6574836}.Debug|Any CPU.Build.0 = Debug|Any CPU
		{BE786A05-C989-4B4F-8AD7-3776D6574836}.Debug|ARM.ActiveCfg = Debug|Any CPU
		{BE786A05-C989-4B4F-8AD7-3776D6574836}.Debug|ARM.Build.0 = Debug|Any CPU
		{BE786A05-C989-4B4F-8AD7-3776D6574836}.Debug|x64.ActiveCfg = Debug|Any CPU
		{BE786A05-C989-4B4F-8AD7-3776D6574836}.Debug|x64.Build.0 = Debug|Any CPU
		{BE786A05-C989-4B4F-8AD7-3776D6574836}.Debug|x86.ActiveCfg = Debug|Any CPU
		{BE786A05-C989-4B4F-8AD7-3776D6574836}.Debug|x86.Build.0 = Debug|Any CPU
		{BE786A05-C989-4B4F-8AD7-3776D6574836}.Release|Any CPU.ActiveCfg = Release|Any CPU
		{BE786A05-C989-4B4F-8AD7-3776D6574836}.Release|Any CPU.Build.0 = Release|Any CPU
		{BE786A05-C989-4B4F-8AD7-3776D6574836}.Release|ARM.ActiveCfg = Release|Any CPU
		{BE786A05-C989-4B4F-8AD7-3776D6574836}.Release|ARM.Build.0 = Release|Any CPU
		{BE786A05-C989-4B4F-8AD7-3776D6574836}.Release|x64.ActiveCfg = Release|Any CPU
		{BE786A05-C989-4B4F-8AD7-3776D6574836}.Release|x64.Build.0 = Release|Any CPU
		{BE786A05-C989-4B4F-8AD7-3776D6574836}.Release|x86.ActiveCfg = Release|Any CPU
		{BE786A05-C989-4B4F-8AD7-3776D6574836}.Release|x86.Build.0 = Release|Any CPU
		{D4288BA2-7DBE-4E2D-BC04-72CDFF038347}.Debug|Any CPU.ActiveCfg = Debug|Any CPU
		{D4288BA2-7DBE-4E2D-BC04-72CDFF038347}.Debug|Any CPU.Build.0 = Debug|Any CPU
		{D4288BA2-7DBE-4E2D-BC04-72CDFF038347}.Debug|ARM.ActiveCfg = Debug|Any CPU
		{D4288BA2-7DBE-4E2D-BC04-72CDFF038347}.Debug|ARM.Build.0 = Debug|Any CPU
		{D4288BA2-7DBE-4E2D-BC04-72CDFF038347}.Debug|x64.ActiveCfg = Debug|Any CPU
		{D4288BA2-7DBE-4E2D-BC04-72CDFF038347}.Debug|x64.Build.0 = Debug|Any CPU
		{D4288BA2-7DBE-4E2D-BC04-72CDFF038347}.Debug|x86.ActiveCfg = Debug|Any CPU
		{D4288BA2-7DBE-4E2D-BC04-72CDFF038347}.Debug|x86.Build.0 = Debug|Any CPU
		{D4288BA2-7DBE-4E2D-BC04-72CDFF038347}.Release|Any CPU.ActiveCfg = Release|Any CPU
		{D4288BA2-7DBE-4E2D-BC04-72CDFF038347}.Release|Any CPU.Build.0 = Release|Any CPU
		{D4288BA2-7DBE-4E2D-BC04-72CDFF038347}.Release|ARM.ActiveCfg = Release|Any CPU
		{D4288BA2-7DBE-4E2D-BC04-72CDFF038347}.Release|ARM.Build.0 = Release|Any CPU
		{D4288BA2-7DBE-4E2D-BC04-72CDFF038347}.Release|x64.ActiveCfg = Release|Any CPU
		{D4288BA2-7DBE-4E2D-BC04-72CDFF038347}.Release|x64.Build.0 = Release|Any CPU
		{D4288BA2-7DBE-4E2D-BC04-72CDFF038347}.Release|x86.ActiveCfg = Release|Any CPU
		{D4288BA2-7DBE-4E2D-BC04-72CDFF038347}.Release|x86.Build.0 = Release|Any CPU
	EndGlobalSection
	GlobalSection(SolutionProperties) = preSolution
		HideSolutionNode = FALSE
	EndGlobalSection
	GlobalSection(ExtensibilityGlobals) = postSolution
		SolutionGuid = {559CA9BB-641F-4067-8B96-0BC0652D8402}
	EndGlobalSection
EndGlobal
